
Microsoft Visual Studio Solution File, Format Version 12.00
# Visual Studio Version 17
VisualStudioVersion = 17.5.33516.290
MinimumVisualStudioVersion = 10.0.40219.1
Project("{FAE04EC0-301F-11D3-BF4B-00C04F79EFBC}") = "Task_1_PolessUP", "Task_1_PolessUP\Task_1_PolessUP.csproj", "{68650B84-32B7-4D9E-B430-F85BB0CCAA99}"
EndProject
Global
	GlobalSection(SolutionConfigurationPlatforms) = preSolution
		Debug|Any CPU = Debug|Any CPU
		Release|Any CPU = Release|Any CPU
	EndGlobalSection
	GlobalSection(ProjectConfigurationPlatforms) = postSolution
		{68650B84-32B7-4D9E-B430-F85BB0CCAA99}.Debug|Any CPU.ActiveCfg = Debug|Any CPU
		{68650B84-32B7-4D9E-B430-F85BB0CCAA99}.Debug|Any CPU.Build.0 = Debug|Any CPU
		{68650B84-32B7-4D9E-B430-F85BB0CCAA99}.Release|Any CPU.ActiveCfg = Release|Any CPU
		{68650B84-32B7-4D9E-B430-F85BB0CCAA99}.Release|Any CPU.Build.0 = Release|Any CPU
	EndGlobalSection
	GlobalSection(SolutionProperties) = preSolution
		HideSolutionNode = FALSE
	EndGlobalSection
	GlobalSection(ExtensibilityGlobals) = postSolution
		SolutionGuid = {4F9B906C-B583-4185-AC1B-85B2E256459A}
	EndGlobalSection
EndGlobal
